// !$*UTF8*$!
{
	archiveVersion = 1;
	classes = {
	};
	objectVersion = 55;
	objects = {

/* Begin PBXBuildFile section */
		1759DFAB47F752CA650B75F9 /* Pods_WeeklyToDoListApp.framework in Frameworks */ = {isa = PBXBuildFile; fileRef = 200A6847E1F4EDD424A14E3A /* Pods_WeeklyToDoListApp.framework */; };
		ED1DCF6328FD73BB00475525 /* AppDelegate.swift in Sources */ = {isa = PBXBuildFile; fileRef = ED1DCF6228FD73BB00475525 /* AppDelegate.swift */; };
		ED1DCF6528FD73BB00475525 /* SceneDelegate.swift in Sources */ = {isa = PBXBuildFile; fileRef = ED1DCF6428FD73BB00475525 /* SceneDelegate.swift */; };
		ED1DCF6728FD73BB00475525 /* tableView.swift in Sources */ = {isa = PBXBuildFile; fileRef = ED1DCF6628FD73BB00475525 /* tableView.swift */; };
		ED1DCF6A28FD73BB00475525 /* Main.storyboard in Resources */ = {isa = PBXBuildFile; fileRef = ED1DCF6828FD73BB00475525 /* Main.storyboard */; };
		ED1DCF6C28FD73BF00475525 /* Assets.xcassets in Resources */ = {isa = PBXBuildFile; fileRef = ED1DCF6B28FD73BF00475525 /* Assets.xcassets */; };
		ED1DCF6F28FD73BF00475525 /* LaunchScreen.storyboard in Resources */ = {isa = PBXBuildFile; fileRef = ED1DCF6D28FD73BF00475525 /* LaunchScreen.storyboard */; };
		ED1DCF7728FD793900475525 /* SignUpVC.swift in Sources */ = {isa = PBXBuildFile; fileRef = ED1DCF7628FD793900475525 /* SignUpVC.swift */; };
		ED1DCF7B28FD79F200475525 /* loginScreenVC.swift in Sources */ = {isa = PBXBuildFile; fileRef = ED1DCF7A28FD79F200475525 /* loginScreenVC.swift */; };
/* End PBXBuildFile section */

/* Begin PBXFileReference section */
		200A6847E1F4EDD424A14E3A /* Pods_WeeklyToDoListApp.framework */ = {isa = PBXFileReference; explicitFileType = wrapper.framework; includeInIndex = 0; path = Pods_WeeklyToDoListApp.framework; sourceTree = BUILT_PRODUCTS_DIR; };
		35433B1DFB0EAF28F5EE3FD8 /* Pods-WeeklyToDoListApp.release.xcconfig */ = {isa = PBXFileReference; includeInIndex = 1; lastKnownFileType = text.xcconfig; name = "Pods-WeeklyToDoListApp.release.xcconfig"; path = "Target Support Files/Pods-WeeklyToDoListApp/Pods-WeeklyToDoListApp.release.xcconfig"; sourceTree = "<group>"; };
		55E05DA7FAFC29413B99AB23 /* Pods-WeeklyToDoListApp.debug.xcconfig */ = {isa = PBXFileReference; includeInIndex = 1; lastKnownFileType = text.xcconfig; name = "Pods-WeeklyToDoListApp.debug.xcconfig"; path = "Target Support Files/Pods-WeeklyToDoListApp/Pods-WeeklyToDoListApp.debug.xcconfig"; sourceTree = "<group>"; };
		ED1DCF5F28FD73BB00475525 /* WeeklyToDoListApp.app */ = {isa = PBXFileReference; explicitFileType = wrapper.application; includeInIndex = 0; path = WeeklyToDoListApp.app; sourceTree = BUILT_PRODUCTS_DIR; };
		ED1DCF6228FD73BB00475525 /* AppDelegate.swift */ = {isa = PBXFileReference; lastKnownFileType = sourcecode.swift; path = AppDelegate.swift; sourceTree = "<group>"; };
		ED1DCF6428FD73BB00475525 /* SceneDelegate.swift */ = {isa = PBXFileReference; lastKnownFileType = sourcecode.swift; path = SceneDelegate.swift; sourceTree = "<group>"; };
		ED1DCF6628FD73BB00475525 /* tableView.swift */ = {isa = PBXFileReference; lastKnownFileType = sourcecode.swift; path = tableView.swift; sourceTree = "<group>"; };
		ED1DCF6928FD73BB00475525 /* Base */ = {isa = PBXFileReference; lastKnownFileType = file.storyboard; name = Base; path = Base.lproj/Main.storyboard; sourceTree = "<group>"; };
		ED1DCF6B28FD73BF00475525 /* Assets.xcassets */ = {isa = PBXFileReference; lastKnownFileType = folder.assetcatalog; path = Assets.xcassets; sourceTree = "<group>"; };
		ED1DCF6E28FD73BF00475525 /* Base */ = {isa = PBXFileReference; lastKnownFileType = file.storyboard; name = Base; path = Base.lproj/LaunchScreen.storyboard; sourceTree = "<group>"; };
		ED1DCF7028FD73BF00475525 /* Info.plist */ = {isa = PBXFileReference; lastKnownFileType = text.plist.xml; path = Info.plist; sourceTree = "<group>"; };
		ED1DCF7628FD793900475525 /* SignUpVC.swift */ = {isa = PBXFileReference; lastKnownFileType = sourcecode.swift; path = SignUpVC.swift; sourceTree = "<group>"; };
		ED1DCF7A28FD79F200475525 /* loginScreenVC.swift */ = {isa = PBXFileReference; lastKnownFileType = sourcecode.swift; path = loginScreenVC.swift; sourceTree = "<group>"; };
/* End PBXFileReference section */

/* Begin PBXFrameworksBuildPhase section */
		ED1DCF5C28FD73BB00475525 /* Frameworks */ = {
			isa = PBXFrameworksBuildPhase;
			buildActionMask = 2147483647;
			files = (
				1759DFAB47F752CA650B75F9 /* Pods_WeeklyToDoListApp.framework in Frameworks */,
			);
			runOnlyForDeploymentPostprocessing = 0;
		};
/* End PBXFrameworksBuildPhase section */

/* Begin PBXGroup section */
		3F2A2780375E9591DE5776FE /* Frameworks */ = {
			isa = PBXGroup;
			children = (
				200A6847E1F4EDD424A14E3A /* Pods_WeeklyToDoListApp.framework */,
			);
			name = Frameworks;
			sourceTree = "<group>";
		};
		926453AB9718D4C0716454A5 /* Pods */ = {
			isa = PBXGroup;
			children = (
				55E05DA7FAFC29413B99AB23 /* Pods-WeeklyToDoListApp.debug.xcconfig */,
				35433B1DFB0EAF28F5EE3FD8 /* Pods-WeeklyToDoListApp.release.xcconfig */,
			);
			path = Pods;
			sourceTree = "<group>";
		};
		ED1DCF5628FD73BB00475525 = {
			isa = PBXGroup;
			children = (
				ED1DCF6128FD73BB00475525 /* WeeklyToDoListApp */,
				ED1DCF6028FD73BB00475525 /* Products */,
				926453AB9718D4C0716454A5 /* Pods */,
				3F2A2780375E9591DE5776FE /* Frameworks */,
			);
			sourceTree = "<group>";
		};
		ED1DCF6028FD73BB00475525 /* Products */ = {
			isa = PBXGroup;
			children = (
				ED1DCF5F28FD73BB00475525 /* WeeklyToDoListApp.app */,
			);
			name = Products;
			sourceTree = "<group>";
		};
		ED1DCF6128FD73BB00475525 /* WeeklyToDoListApp */ = {
			isa = PBXGroup;
			children = (
				ED1DCF6228FD73BB00475525 /* AppDelegate.swift */,
				ED1DCF6428FD73BB00475525 /* SceneDelegate.swift */,
				ED1DCF6628FD73BB00475525 /* tableView.swift */,
				ED1DCF7A28FD79F200475525 /* loginScreenVC.swift */,
				ED1DCF7628FD793900475525 /* SignUpVC.swift */,
				ED1DCF6828FD73BB00475525 /* Main.storyboard */,
				ED1DCF6B28FD73BF00475525 /* Assets.xcassets */,
				ED1DCF6D28FD73BF00475525 /* LaunchScreen.storyboard */,
				ED1DCF7028FD73BF00475525 /* Info.plist */,
			);
			path = WeeklyToDoListApp;
			sourceTree = "<group>";
		};
/* End PBXGroup section */

/* Begin PBXNativeTarget section */
		ED1DCF5E28FD73BB00475525 /* WeeklyToDoListApp */ = {
			isa = PBXNativeTarget;
			buildConfigurationList = ED1DCF7328FD73BF00475525 /* Build configuration list for PBXNativeTarget "WeeklyToDoListApp" */;
			buildPhases = (
				EAC1B935AFDFB2358E04E63B /* [CP] Check Pods Manifest.lock */,
				ED1DCF5B28FD73BB00475525 /* Sources */,
				ED1DCF5C28FD73BB00475525 /* Frameworks */,
				ED1DCF5D28FD73BB00475525 /* Resources */,
				26AC4660E11D659633707FEC /* [CP] Embed Pods Frameworks */,
			);
			buildRules = (
			);
			dependencies = (
			);
			name = WeeklyToDoListApp;
			productName = WeeklyToDoListApp;
			productReference = ED1DCF5F28FD73BB00475525 /* WeeklyToDoListApp.app */;
			productType = "com.apple.product-type.application";
		};
/* End PBXNativeTarget section */

/* Begin PBXProject section */
		ED1DCF5728FD73BB00475525 /* Project object */ = {
			isa = PBXProject;
			attributes = {
				BuildIndependentTargetsInParallel = 1;
				LastSwiftUpdateCheck = 1340;
				LastUpgradeCheck = 1340;
				TargetAttributes = {
					ED1DCF5E28FD73BB00475525 = {
						CreatedOnToolsVersion = 13.4.1;
					};
				};
			};
			buildConfigurationList = ED1DCF5A28FD73BB00475525 /* Build configuration list for PBXProject "WeeklyToDoListApp" */;
			compatibilityVersion = "Xcode 13.0";
			developmentRegion = en;
			hasScannedForEncodings = 0;
			knownRegions = (
				en,
				Base,
			);
			mainGroup = ED1DCF5628FD73BB00475525;
			productRefGroup = ED1DCF6028FD73BB00475525 /* Products */;
			projectDirPath = "";
			projectRoot = "";
			targets = (
				ED1DCF5E28FD73BB00475525 /* WeeklyToDoListApp */,
			);
		};
/* End PBXProject section */

/* Begin PBXResourcesBuildPhase section */
		ED1DCF5D28FD73BB00475525 /* Resources */ = {
			isa = PBXResourcesBuildPhase;
			buildActionMask = 2147483647;
			files = (
				ED1DCF6F28FD73BF00475525 /* LaunchScreen.storyboard in Resources */,
				ED1DCF6C28FD73BF00475525 /* Assets.xcassets in Resources */,
				ED1DCF6A28FD73BB00475525 /* Main.storyboard in Resources */,
			);
			runOnlyForDeploymentPostprocessing = 0;
		};
/* End PBXResourcesBuildPhase section */

/* Begin PBXShellScriptBuildPhase section */
		26AC4660E11D659633707FEC /* [CP] Embed Pods Frameworks */ = {
			isa = PBXShellScriptBuildPhase;
			buildActionMask = 2147483647;
			files = (
			);
			inputFileListPaths = (
				"${PODS_ROOT}/Target Support Files/Pods-WeeklyToDoListApp/Pods-WeeklyToDoListApp-frameworks-${CONFIGURATION}-input-files.xcfilelist",
			);
			name = "[CP] Embed Pods Frameworks";
			outputFileListPaths = (
				"${PODS_ROOT}/Target Support Files/Pods-WeeklyToDoListApp/Pods-WeeklyToDoListApp-frameworks-${CONFIGURATION}-output-files.xcfilelist",
			);
			runOnlyForDeploymentPostprocessing = 0;
			shellPath = /bin/sh;
			shellScript = "\"${PODS_ROOT}/Target Support Files/Pods-WeeklyToDoListApp/Pods-WeeklyToDoListApp-frameworks.sh\"\n";
			showEnvVarsInLog = 0;
		};
		EAC1B935AFDFB2358E04E63B /* [CP] Check Pods Manifest.lock */ = {
			isa = PBXShellScriptBuildPhase;
			buildActionMask = 2147483647;
			files = (
			);
			inputFileListPaths = (
			);
			inputPaths = (
				"${PODS_PODFILE_DIR_PATH}/Podfile.lock",
				"${PODS_ROOT}/Manifest.lock",
			);
			name = "[CP] Check Pods Manifest.lock";
			outputFileListPaths = (
			);
			outputPaths = (
				"$(DERIVED_FILE_DIR)/Pods-WeeklyToDoListApp-checkManifestLockResult.txt",
			);
			runOnlyForDeploymentPostprocessing = 0;
			shellPath = /bin/sh;
			shellScript = "diff \"${PODS_PODFILE_DIR_PATH}/Podfile.lock\" \"${PODS_ROOT}/Manifest.lock\" > /dev/null\nif [ $? != 0 ] ; then\n    # print error to STDERR\n    echo \"error: The sandbox is not in sync with the Podfile.lock. Run 'pod install' or update your CocoaPods installation.\" >&2\n    exit 1\nfi\n# This output is used by Xcode 'outputs' to avoid re-running this script phase.\necho \"SUCCESS\" > \"${SCRIPT_OUTPUT_FILE_0}\"\n";
			showEnvVarsInLog = 0;
		};
/* End PBXShellScriptBuildPhase section */

/* Begin PBXSourcesBuildPhase section */
		ED1DCF5B28FD73BB00475525 /* Sources */ = {
			isa = PBXSourcesBuildPhase;
			buildActionMask = 2147483647;
			files = (
				ED1DCF7B28FD79F200475525 /* loginScreenVC.swift in Sources */,
				ED1DCF7728FD793900475525 /* SignUpVC.swift in Sources */,
				ED1DCF6728FD73BB00475525 /* tableView.swift in Sources */,
				ED1DCF6328FD73BB00475525 /* AppDelegate.swift in Sources */,
				ED1DCF6528FD73BB00475525 /* SceneDelegate.swift in Sources */,
			);
			runOnlyForDeploymentPostprocessing = 0;
		};
/* End PBXSourcesBuildPhase section */

/* Begin PBXVariantGroup section */
		ED1DCF6828FD73BB00475525 /* Main.storyboard */ = {
			isa = PBXVariantGroup;
			children = (
				ED1DCF6928FD73BB00475525 /* Base */,
			);
			name = Main.storyboard;
			sourceTree = "<group>";
		};
		ED1DCF6D28FD73BF00475525 /* LaunchScreen.storyboard */ = {
			isa = PBXVariantGroup;
			children = (
				ED1DCF6E28FD73BF00475525 /* Base */,
			);
			name = LaunchScreen.storyboard;
			sourceTree = "<group>";
		};
/* End PBXVariantGroup section */

/* Begin XCBuildConfiguration section */
		ED1DCF7128FD73BF00475525 /* Debug */ = {
			isa = XCBuildConfiguration;
			buildSettings = {
				ALWAYS_SEARCH_USER_PATHS = NO;
				CLANG_ANALYZER_NONNULL = YES;
				CLANG_ANALYZER_NUMBER_OBJECT_CONVERSION = YES_AGGRESSIVE;
				CLANG_CXX_LANGUAGE_STANDARD = "gnu++17";
				CLANG_ENABLE_MODULES = YES;
				CLANG_ENABLE_OBJC_ARC = YES;
				CLANG_ENABLE_OBJC_WEAK = YES;
				CLANG_WARN_BLOCK_CAPTURE_AUTORELEASING = YES;
				CLANG_WARN_BOOL_CONVERSION = YES;
				CLANG_WARN_COMMA = YES;
				CLANG_WARN_CONSTANT_CONVERSION = YES;
				CLANG_WARN_DEPRECATED_OBJC_IMPLEMENTATIONS = YES;
				CLANG_WARN_DIRECT_OBJC_ISA_USAGE = YES_ERROR;
				CLANG_WARN_DOCUMENTATION_COMMENTS = YES;
				CLANG_WARN_EMPTY_BODY = YES;
				CLANG_WARN_ENUM_CONVERSION = YES;
				CLANG_WARN_INFINITE_RECURSION = YES;
				CLANG_WARN_INT_CONVERSION = YES;
				CLANG_WARN_NON_LITERAL_NULL_CONVERSION = YES;
				CLANG_WARN_OBJC_IMPLICIT_RETAIN_SELF = YES;
				CLANG_WARN_OBJC_LITERAL_CONVERSION = YES;
				CLANG_WARN_OBJC_ROOT_CLASS = YES_ERROR;
				CLANG_WARN_QUOTED_INCLUDE_IN_FRAMEWORK_HEADER = YES;
				CLANG_WARN_RANGE_LOOP_ANALYSIS = YES;
				CLANG_WARN_STRICT_PROTOTYPES = YES;
				CLANG_WARN_SUSPICIOUS_MOVE = YES;
				CLANG_WARN_UNGUARDED_AVAILABILITY = YES_AGGRESSIVE;
				CLANG_WARN_UNREACHABLE_CODE = YES;
				CLANG_WARN__DUPLICATE_METHOD_MATCH = YES;
				COPY_PHASE_STRIP = NO;
				DEBUG_INFORMATION_FORMAT = dwarf;
				ENABLE_STRICT_OBJC_MSGSEND = YES;
				ENABLE_TESTABILITY = YES;
				GCC_C_LANGUAGE_STANDARD = gnu11;
				GCC_DYNAMIC_NO_PIC = NO;
				GCC_NO_COMMON_BLOCKS = YES;
				GCC_OPTIMIZATION_LEVEL = 0;
				GCC_PREPROCESSOR_DEFINITIONS = (
					"DEBUG=1",
					"$(inherited)",
				);
				GCC_WARN_64_TO_32_BIT_CONVERSION = YES;
				GCC_WARN_ABOUT_RETURN_TYPE = YES_ERROR;
				GCC_WARN_UNDECLARED_SELECTOR = YES;
				GCC_WARN_UNINITIALIZED_AUTOS = YES_AGGRESSIVE;
				GCC_WARN_UNUSED_FUNCTION = YES;
				GCC_WARN_UNUSED_VARIABLE = YES;
				IPHONEOS_DEPLOYMENT_TARGET = 15.5;
				MTL_ENABLE_DEBUG_INFO = INCLUDE_SOURCE;
				MTL_FAST_MATH = YES;
				ONLY_ACTIVE_ARCH = YES;
				SDKROOT = iphoneos;
				SWIFT_ACTIVE_COMPILATION_CONDITIONS = DEBUG;
				SWIFT_OPTIMIZATION_LEVEL = "-Onone";
			};
			name = Debug;
		};
		ED1DCF7228FD73BF00475525 /* Release */ = {
			isa = XCBuildConfiguration;
			buildSettings = {
				ALWAYS_SEARCH_USER_PATHS = NO;
				CLANG_ANALYZER_NONNULL = YES;
				CLANG_ANALYZER_NUMBER_OBJECT_CONVERSION = YES_AGGRESSIVE;
				CLANG_CXX_LANGUAGE_STANDARD = "gnu++17";
				CLANG_ENABLE_MODULES = YES;
				CLANG_ENABLE_OBJC_ARC = YES;
				CLANG_ENABLE_OBJC_WEAK = YES;
				CLANG_WARN_BLOCK_CAPTURE_AUTORELEASING = YES;
				CLANG_WARN_BOOL_CONVERSION = YES;
				CLANG_WARN_COMMA = YES;
				CLANG_WARN_CONSTANT_CONVERSION = YES;
				CLANG_WARN_DEPRECATED_OBJC_IMPLEMENTATIONS = YES;
				CLANG_WARN_DIRECT_OBJC_ISA_USAGE = YES_ERROR;
				CLANG_WARN_DOCUMENTATION_COMMENTS = YES;
				CLANG_WARN_EMPTY_BODY = YES;
				CLANG_WARN_ENUM_CONVERSION = YES;
				CLANG_WARN_INFINITE_RECURSION = YES;
				CLANG_WARN_INT_CONVERSION = YES;
				CLANG_WARN_NON_LITERAL_NULL_CONVERSION = YES;
				CLANG_WARN_OBJC_IMPLICIT_RETAIN_SELF = YES;
				CLANG_WARN_OBJC_LITERAL_CONVERSION = YES;
				CLANG_WARN_OBJC_ROOT_CLASS = YES_ERROR;
				CLANG_WARN_QUOTED_INCLUDE_IN_FRAMEWORK_HEADER = YES;
				CLANG_WARN_RANGE_LOOP_ANALYSIS = YES;
				CLANG_WARN_STRICT_PROTOTYPES = YES;
				CLANG_WARN_SUSPICIOUS_MOVE = YES;
				CLANG_WARN_UNGUARDED_AVAILABILITY = YES_AGGRESSIVE;
				CLANG_WARN_UNREACHABLE_CODE = YES;
				CLANG_WARN__DUPLICATE_METHOD_MATCH = YES;
				COPY_PHASE_STRIP = NO;
				DEBUG_INFORMATION_FORMAT = "dwarf-with-dsym";
				ENABLE_NS_ASSERTIONS = NO;
				ENABLE_STRICT_OBJC_MSGSEND = YES;
				GCC_C_LANGUAGE_STANDARD = gnu11;
				GCC_NO_COMMON_BLOCKS = YES;
				GCC_WARN_64_TO_32_BIT_CONVERSION = YES;
				GCC_WARN_ABOUT_RETURN_TYPE = YES_ERROR;
				GCC_WARN_UNDECLARED_SELECTOR = YES;
				GCC_WARN_UNINITIALIZED_AUTOS = YES_AGGRESSIVE;
				GCC_WARN_UNUSED_FUNCTION = YES;
				GCC_WARN_UNUSED_VARIABLE = YES;
				IPHONEOS_DEPLOYMENT_TARGET = 15.5;
				MTL_ENABLE_DEBUG_INFO = NO;
				MTL_FAST_MATH = YES;
				SDKROOT = iphoneos;
				SWIFT_COMPILATION_MODE = wholemodule;
				SWIFT_OPTIMIZATION_LEVEL = "-O";
				VALIDATE_PRODUCT = YES;
			};
			name = Release;
		};
		ED1DCF7428FD73BF00475525 /* Debug */ = {
			isa = XCBuildConfiguration;
			baseConfigurationReference = 55E05DA7FAFC29413B99AB23 /* Pods-WeeklyToDoListApp.debug.xcconfig */;
			buildSettings = {
				ASSETCATALOG_COMPILER_APPICON_NAME = AppIcon;
				ASSETCATALOG_COMPILER_GLOBAL_ACCENT_COLOR_NAME = AccentColor;
				CODE_SIGN_STYLE = Automatic;
				CURRENT_PROJECT_VERSION = 1;
				GENERATE_INFOPLIST_FILE = YES;
				INFOPLIST_FILE = WeeklyToDoListApp/Info.plist;
				INFOPLIST_KEY_UIApplicationSupportsIndirectInputEvents = YES;
				INFOPLIST_KEY_UILaunchStoryboardName = LaunchScreen;
				INFOPLIST_KEY_UIMainStoryboardFile = Main;
				INFOPLIST_KEY_UISupportedInterfaceOrientations_iPad = "UIInterfaceOrientationPortrait UIInterfaceOrientationPortraitUpsideDown UIInterfaceOrientationLandscapeLeft UIInterfaceOrientationLandscapeRight";
				INFOPLIST_KEY_UISupportedInterfaceOrientations_iPhone = "UIInterfaceOrientationPortrait UIInterfaceOrientationLandscapeLeft UIInterfaceOrientationLandscapeRight";
				LD_RUNPATH_SEARCH_PATHS = (
					"$(inherited)",
					"@executable_path/Frameworks",
				);
				MARKETING_VERSION = 1.0;
				PRODUCT_BUNDLE_IDENTIFIER = com.msnbek.WeeklyToDoListApp;
				PRODUCT_NAME = "$(TARGET_NAME)";
				SWIFT_EMIT_LOC_STRINGS = YES;
				SWIFT_VERSION = 5.0;
				TARGETED_DEVICE_FAMILY = "1,2";
			};
			name = Debug;
		};
		ED1DCF7528FD73BF00475525 /* Release */ = {
			isa = XCBuildConfiguration;
			baseConfigurationReference = 35433B1DFB0EAF28F5EE3FD8 /* Pods-WeeklyToDoListApp.release.xcconfig */;
			buildSettings = {
				ASSETCATALOG_COMPILER_APPICON_NAME = AppIcon;
				ASSETCATALOG_COMPILER_GLOBAL_ACCENT_COLOR_NAME = AccentColor;
				CODE_SIGN_STYLE = Automatic;
				CURRENT_PROJECT_VERSION = 1;
				GENERATE_INFOPLIST_FILE = YES;
				INFOPLIST_FILE = WeeklyToDoListApp/Info.plist;
				INFOPLIST_KEY_UIApplicationSupportsIndirectInputEvents = YES;
				INFOPLIST_KEY_UILaunchStoryboardName = LaunchScreen;
				INFOPLIST_KEY_UIMainStoryboardFile = Main;
				INFOPLIST_KEY_UISupportedInterfaceOrientations_iPad = "UIInterfaceOrientationPortrait UIInterfaceOrientationPortraitUpsideDown UIInterfaceOrientationLandscapeLeft UIInterfaceOrientationLandscapeRight";
				INFOPLIST_KEY_UISupportedInterfaceOrientations_iPhone = "UIInterfaceOrientationPortrait UIInterfaceOrientationLandscapeLeft UIInterfaceOrientationLandscapeRight";
				LD_RUNPATH_SEARCH_PATHS = (
					"$(inherited)",
					"@executable_path/Frameworks",
				);
				MARKETING_VERSION = 1.0;
				PRODUCT_BUNDLE_IDENTIFIER = com.msnbek.WeeklyToDoListApp;
				PRODUCT_NAME = "$(TARGET_NAME)";
				SWIFT_EMIT_LOC_STRINGS = YES;
				SWIFT_VERSION = 5.0;
				TARGETED_DEVICE_FAMILY = "1,2";
			};
			name = Release;
		};
/* End XCBuildConfiguration section */

/* Begin XCConfigurationList section */
		ED1DCF5A28FD73BB00475525 /* Build configuration list for PBXProject "WeeklyToDoListApp" */ = {
			isa = XCConfigurationList;
			buildConfigurations = (
				ED1DCF7128FD73BF00475525 /* Debug */,
				ED1DCF7228FD73BF00475525 /* Release */,
			);
			defaultConfigurationIsVisible = 0;
			defaultConfigurationName = Release;
		};
		ED1DCF7328FD73BF00475525 /* Build configuration list for PBXNativeTarget "WeeklyToDoListApp" */ = {
			isa = XCConfigurationList;
			buildConfigurations = (
				ED1DCF7428FD73BF00475525 /* Debug */,
				ED1DCF7528FD73BF00475525 /* Release */,
			);
			defaultConfigurationIsVisible = 0;
			defaultConfigurationName = Release;
		};
/* End XCConfigurationList section */
	};
	rootObject = ED1DCF5728FD73BB00475525 /* Project object */;
}
